%{
  "acceptor_pool": {:hex, :acceptor_pool, "1.0.0", "43c20d2acae35f0c2bcd64f9d2bde267e459f0f3fd23dab26485bf518c281b21", [:rebar3], [], "hexpm", "0cbcd83fdc8b9ad2eee2067ef8b91a14858a5883cb7cd800e6fcd5803e158788"},
  "chatterbox": {:hex, :ts_chatterbox, "0.9.1", "843557ee729b04b3c1bdac33fb162daefdbf4f7ae0af0bdc055fb16e91e057e3", [:rebar3], [{:hpack, "~>0.2.3", [hex: :hpack_erl, repo: "hexpm", optional: false]}], "hexpm", "d5427c3701cce85a7b7f9977a4a44b98e527494f6cb598717585a332ef4107b4"},
  "counters": {:hex, :counters, "0.2.1", "aa3d97e88f92573488987193d0f48efce0f3b2cd1443bf4ee760bc7f99322f0c", [:mix, :rebar3], [], "hexpm", "a020c714992f7db89178d27e1f39909e5d77da3b80daa4d6015877ed0c94b8ab"},
  "cowboy": {:hex, :cowboy, "2.8.0", "f3dc62e35797ecd9ac1b50db74611193c29815401e53bac9a5c0577bd7bc667d", [:rebar3], [{:cowlib, "~> 2.9.1", [hex: :cowlib, repo: "hexpm", optional: false]}, {:ranch, "~> 1.7.1", [hex: :ranch, repo: "hexpm", optional: false]}], "hexpm", "4643e4fba74ac96d4d152c75803de6fad0b3fa5df354c71afdd6cbeeb15fac8a"},
  "cowlib": {:hex, :cowlib, "2.9.1", "61a6c7c50cf07fdd24b2f45b89500bb93b6686579b069a89f88cb211e1125c78", [:rebar3], [], "hexpm", "e4175dc240a70d996156160891e1c62238ede1729e45740bdd38064dad476170"},
  "ctx": {:hex, :ctx, "0.5.0", "78e0f16712e12d707a7f34277381b8e193d7c71eaa24d37330dc02477c09eda5", [:rebar3], [], "hexpm", "52554d80f9d93b3f82dba8e1776e8ea87b0d6218ae94ba0f73d61ad1579aed08"},
  "floki": {:git, "https://github.com/midas-framework/floki.git", "4bae91f3129fbf517aae084695db5671eb115931", [tag: "4bae91f3129fbf517aae084695db5671eb115931"]},
  "gleam_cowboy": {:hex, :gleam_cowboy, "0.1.2", "63ed10783989868ac8a5276feaa00de90e171a0c909b0ef955dce1d99633848b", [:rebar3], [{:cowboy, "~> 2.8", [hex: :cowboy, repo: "hexpm", optional: false]}, {:gleam_http, "~> 1.3", [hex: :gleam_http, repo: "hexpm", optional: false]}, {:gleam_otp, "~> 0.0", [hex: :gleam_otp, repo: "hexpm", optional: false]}, {:gleam_stdlib, "~> 0.10", [hex: :gleam_stdlib, repo: "hexpm", optional: false]}], "hexpm", "a6c5f7fc11e9e2e88a20b16db495d7f55f9aa68d5b9a88995ebd42c745225b3f"},
  "gleam_http": {:hex, :gleam_http, "1.6.0", "7d37b0287ea47a47987da5fd7cadb75db9c96c3192d7c28c2182cd793496784f", [:rebar3], [{:gleam_stdlib, "~> 0.12", [hex: :gleam_stdlib, repo: "hexpm", optional: false]}], "hexpm", "1dd7e0f0103de27b1f5f985c0b146446c9d2726ef3b3525e8765d1e02fbe3926"},
  "gleam_httpc": {:hex, :gleam_httpc, "0.1.1", "4f043d1cd5cabc0a698dc38458ef590a4295df67ad87d20ea8d6d15f66cc8124", [:rebar3], [{:gleam_http, "~> 1.3", [hex: :gleam_http, repo: "hexpm", optional: false]}, {:gleam_stdlib, "~> 0.10.1", [hex: :gleam_stdlib, repo: "hexpm", optional: false]}], "hexpm", "429afba1594e94c76096cffd75e0b2bd8d7ad9e8cf13a9120bceb4cd4e801fa2"},
  "gleam_json": {:hex, :gleam_json, "0.1.0", "8740eb85e079f38a15f2627d53c306491d90c43c423aae56a4abc371319cc346", [:rebar3], [{:gleam_stdlib, "0.10.1", [hex: :gleam_stdlib, repo: "hexpm", optional: false]}, {:jsone, "1.5.2", [hex: :jsone, repo: "hexpm", optional: false]}], "hexpm", "8c6f144bc4f2ddcb0347a84c4dee134bd771a8a7c95c135a31d373d5ea95652b"},
  "gleam_otp": {:hex, :gleam_otp, "0.1.3", "1501f9f838b254b854b7d0894113790a444096eccabc2f7010f56c643aeb7d96", [:rebar3], [{:gleam_stdlib, "~> 0.11", [hex: :gleam_stdlib, repo: "hexpm", optional: false]}], "hexpm", "4c914e4c73e311d546e4bc17812a3a6acdf49c68750ce2ccdf98f93da742ccb6"},
  "gleam_stdlib": {:hex, :gleam_stdlib, "0.12.0", "722b00f9a08e44d9582922b4ef6e890ca60e2caebefe81192f3cc8d337f2f0cf", [:rebar3], [], "hexpm", "c3435f25629ed5f2c0d53a1bc2fdf89acdffa75f036cb27396c1ef70396f644a"},
  "gproc": {:hex, :gproc, "0.8.0", "cea02c578589c61e5341fce149ea36ccef236cc2ecac8691fba408e7ea77ec2f", [:rebar3], [], "hexpm", "580adafa56463b75263ef5a5df4c86af321f68694e7786cb057fd805d1e2a7de"},
  "grpcbox": {:hex, :grpcbox, "0.11.0", "ea9f9160120a4884838d397dde64b36edb122adf335238f639debc12087da67f", [:rebar3], [{:acceptor_pool, "~>1.0.0", [hex: :acceptor_pool, repo: "hexpm", optional: false]}, {:chatterbox, "~>0.9.1", [hex: :ts_chatterbox, repo: "hexpm", optional: false]}, {:ctx, "~>0.5.0", [hex: :ctx, repo: "hexpm", optional: false]}, {:gproc, "~>0.8.0", [hex: :gproc, repo: "hexpm", optional: false]}], "hexpm", "26ffc946d6471309eae2e29b6126e8be3729018dc581fb0e471368d15badf472"},
  "hpack": {:hex, :hpack_erl, "0.2.3", "17670f83ff984ae6cd74b1c456edde906d27ff013740ee4d9efaa4f1bf999633", [:rebar3], [], "hexpm", "06f580167c4b8b8a6429040df36cc93bba6d571faeaec1b28816523379cbb23a"},
  "html_entities": {:hex, :html_entities, "0.5.1", "1c9715058b42c35a2ab65edc5b36d0ea66dd083767bef6e3edb57870ef556549", [:mix], [], "hexpm", "30efab070904eb897ff05cd52fa61c1025d7f8ef3a9ca250bc4e6513d16c32de"},
  "jsone": {:hex, :jsone, "1.5.2", "87adea283c9cf24767b4deed44602989a5331156df5d60a2660e9c9114d54046", [:rebar3], [], "hexpm", "170c171ce7f6dd70c858065154a3305b8564833c6dcca17e10b676ca31ea976f"},
  "jsx": {:hex, :jsx, "2.9.0", "d2f6e5f069c00266cad52fb15d87c428579ea4d7d73a33669e12679e203329dd", [:mix, :rebar3], [], "hexpm", "8ee1db1cabafdd578a2776a6aaae87c2a8ce54b47b59e9ec7dab5d7eb71cd8dc"},
  "mix_gleam": {:hex, :mix_gleam, "0.1.0", "a0cee5d30de865124a32ca6cd53b64c3e2ac57f12adf6e47b88fb673f47c716e", [:mix], [], "hexpm", "9ff518e6aab444c7f2e74038f9383020ef89810cf1f4402911f33b202ffd72e7"},
  "opencensus": {:hex, :opencensus, "0.9.3", "a7bb2771b40593f8513fc14eb70d822e88bea1b2fb552e19a1e2e6f98371427a", [:rebar3], [{:counters, "~> 0.2.1", [hex: :counters, repo: "hexpm", optional: false]}, {:ctx, "~> 0.5", [hex: :ctx, repo: "hexpm", optional: false]}, {:wts, "~> 0.3", [hex: :wts, repo: "hexpm", optional: false]}], "hexpm", "9495b4fa817f10a7cdf8b69cca929470aeda0633a04ea18cff6a0a9ea03a03e9"},
  "opencensus_zipkin": {:hex, :opencensus_zipkin, "0.3.0", "a966fb97c2d56a37371f49f387c0210f906081889e3084434bdec42f4781aeac", [:rebar3], [{:jsx, "~>2.9.0", [hex: :jsx, repo: "hexpm", optional: false]}, {:opencensus, "~>0.9.2", [hex: :opencensus, repo: "hexpm", optional: false]}], "hexpm", "e5e7de60ca4d601b39ae4b63251c4610e9aea9ab46d66ce67f2bbf28bb30cc4e"},
  "opentelemetry": {:hex, :opentelemetry, "0.5.0", "6a7072a6f54b8be07a42dd2aaca1ee0389038681405d0a27c4c5e5325b6c1a82", [:rebar3], [{:opentelemetry_api, "~>0.5.0", [hex: :opentelemetry_api, repo: "hexpm", optional: false]}], "hexpm", "a45261c421240199184d55447108f1d9f49c6b2b0e0e2056aaaa1a1fe77d2eda"},
  "opentelemetry_api": {:hex, :opentelemetry_api, "0.5.0", "29ecaa7bb86df4dbd44b14fd71fd4faadff5c08d178545b66b3861bd350be28a", [:mix, :rebar3], [], "hexpm", "fa3c23198e84d6d1cdb8a4408374c8d73c9d2ee7a9e587a6d539def15851ffad"},
  "opentelemetry_exporter": {:hex, :opentelemetry_exporter, "0.5.0", "71c32f865123aeb7f72e15a1a8dddbbf868f07a5d65795d8f5d909b36fddc7be", [:rebar3], [{:grpcbox, "~>0.11.0", [hex: :grpcbox, repo: "hexpm", optional: false]}, {:opentelemetry, "~>0.5.0", [hex: :opentelemetry, repo: "hexpm", optional: false]}, {:opentelemetry_api, "~>0.5.0", [hex: :opentelemetry_api, repo: "hexpm", optional: false]}], "hexpm", "61de1db1c8b6a72298042e8fa83604a66f030b1331eb8c501403583db740bc59"},
  "opentelemetry_zipkin": {:hex, :opentelemetry_zipkin, "0.3.0", "b0db7cc2daec7693d57f50d8ab0c72a5376c2c351d85cab7d877a97fb13709c7", [:rebar3], [{:opentelemetry, "~>0.4.0", [hex: :opentelemetry, repo: "hexpm", optional: false]}, {:opentelemetry_api, "~>0.3.1", [hex: :opentelemetry_api, repo: "hexpm", optional: false]}], "hexpm", "c937a7e136e49820ca4107426fc8dc7d7f3a90f0fe3d7e357ae0ec07290fd287"},
  "ranch": {:hex, :ranch, "1.7.1", "6b1fab51b49196860b733a49c07604465a47bdb78aa10c1c16a3d199f7f8c881", [:rebar3], [], "hexpm", "451d8527787df716d99dc36162fca05934915db0b6141bbdac2ea8d3c7afc7d7"},
  "wts": {:hex, :wts, "0.4.0", "62d9dc400ad29f0d233f0665b9c75c8f8eb0a8af75eec921056ba4a73b0605a2", [:rebar3], [], "hexpm", "711bb675de2ce2b3ebab80a613ac93b994f74df44af4cff7970dc9eebe724869"},
}
